
Microsoft Visual Studio Solution File, Format Version 12.00
# Visual Studio Version 16
VisualStudioVersion = 16.0.31702.278
MinimumVisualStudioVersion = 10.0.40219.1
Project("{9A19103F-16F7-4668-BE54-9A1E7A4F7556}") = "VismaInternshipTask", "VismaInternshipTask\VismaInternshipTask.csproj", "{78B24E10-D402-4D42-91F8-CCAFD7E03154}"
EndProject
Project("{FAE04EC0-301F-11D3-BF4B-00C04F79EFBC}") = "VismaUnitTests", "VismaUnitTests\VismaUnitTests.csproj", "{01F19FF8-4A9E-47DD-9262-FED18E75BE1A}"
EndProject
Global
	GlobalSection(SolutionConfigurationPlatforms) = preSolution
		Debug|Any CPU = Debug|Any CPU
		Release|Any CPU = Release|Any CPU
	EndGlobalSection
	GlobalSection(ProjectConfigurationPlatforms) = postSolution
		{78B24E10-D402-4D42-91F8-CCAFD7E03154}.Debug|Any CPU.ActiveCfg = Debug|Any CPU
		{78B24E10-D402-4D42-91F8-CCAFD7E03154}.Debug|Any CPU.Build.0 = Debug|Any CPU
		{78B24E10-D402-4D42-91F8-CCAFD7E03154}.Release|Any CPU.ActiveCfg = Release|Any CPU
		{78B24E10-D402-4D42-91F8-CCAFD7E03154}.Release|Any CPU.Build.0 = Release|Any CPU
		{01F19FF8-4A9E-47DD-9262-FED18E75BE1A}.Debug|Any CPU.ActiveCfg = Debug|Any CPU
		{01F19FF8-4A9E-47DD-9262-FED18E75BE1A}.Debug|Any CPU.Build.0 = Debug|Any CPU
		{01F19FF8-4A9E-47DD-9262-FED18E75BE1A}.Release|Any CPU.ActiveCfg = Release|Any CPU
		{01F19FF8-4A9E-47DD-9262-FED18E75BE1A}.Release|Any CPU.Build.0 = Release|Any CPU
	EndGlobalSection
	GlobalSection(SolutionProperties) = preSolution
		HideSolutionNode = FALSE
	EndGlobalSection
	GlobalSection(ExtensibilityGlobals) = postSolution
		SolutionGuid = {635FB6BA-BF24-4B3B-B717-117A847668C2}
	EndGlobalSection
EndGlobal
